
Microsoft Visual Studio Solution File, Format Version 12.00
# Visual Studio Version 17
VisualStudioVersion = 17.0.32112.339
MinimumVisualStudioVersion = 10.0.40219.1
Project("{9A19103F-16F7-4668-BE54-9A1E7A4F7556}") = "DrzewkoPawla", "signs_tree\DrzewkoPawla.csproj", "{5F1FA43C-7238-4645-822E-7A633D17245A}"
EndProject
Project("{9A19103F-16F7-4668-BE54-9A1E7A4F7556}") = "Program-Sortuj", "sorting\Program-Sortuj.csproj", "{C9A6D9B0-E232-4D43-AAB9-C3E93103A946}"
EndProject
Project("{9A19103F-16F7-4668-BE54-9A1E7A4F7556}") = "ZliczanieLiter", "ZliczanieLiter\ZliczanieLiter.csproj", "{00140906-45E2-4D3F-9854-876E7EEA9ADD}"
EndProject
Project("{FAE04EC0-301F-11D3-BF4B-00C04F79EFBC}") = "Total", "Total\Total.csproj", "{88F94A54-426A-4929-B9A2-58E73675112E}"
EndProject
Project("{FAE04EC0-301F-11D3-BF4B-00C04F79EFBC}") = "Figury", "Figury\Figury.csproj", "{58C920F7-3707-401A-92A4-02D5CBF05178}"
EndProject
Project("{FAE04EC0-301F-11D3-BF4B-00C04F79EFBC}") = "UtilsLibrary", "UtilsLibrary\UtilsLibrary.csproj", "{39E084FB-3176-4A51-8CFF-FC2D14DC1B10}"
EndProject
Project("{FAE04EC0-301F-11D3-BF4B-00C04F79EFBC}") = "Sorter_with_list", "Sorter_with_list\Sorter_with_list.csproj", "{CB95733C-C71F-4AA0-974C-361991C314D7}"
EndProject
Project("{FAE04EC0-301F-11D3-BF4B-00C04F79EFBC}") = "LazySalesmanJoanna", "LazySalesmanJoanna\LazySalesmanJoanna.csproj", "{EA92A1CA-E5AC-462F-AE52-421A5C04269E}"
EndProject
Project("{FAE04EC0-301F-11D3-BF4B-00C04F79EFBC}") = "Silnia", "Silnia\Silnia.csproj", "{302D4A2C-B74A-4E23-BAE7-DD8227D624B3}"
EndProject
Project("{FAE04EC0-301F-11D3-BF4B-00C04F79EFBC}") = "Inheritance_Joanna", "Inheritance_Joanna\Inheritance_Joanna.csproj", "{0A6134D6-8786-4661-A647-BB6608794C12}"
EndProject
Global
	GlobalSection(SolutionConfigurationPlatforms) = preSolution
		Debug|Any CPU = Debug|Any CPU
		Release|Any CPU = Release|Any CPU
	EndGlobalSection
	GlobalSection(ProjectConfigurationPlatforms) = postSolution
		{5F1FA43C-7238-4645-822E-7A633D17245A}.Debug|Any CPU.ActiveCfg = Debug|Any CPU
		{5F1FA43C-7238-4645-822E-7A633D17245A}.Debug|Any CPU.Build.0 = Debug|Any CPU
		{5F1FA43C-7238-4645-822E-7A633D17245A}.Release|Any CPU.ActiveCfg = Release|Any CPU
		{5F1FA43C-7238-4645-822E-7A633D17245A}.Release|Any CPU.Build.0 = Release|Any CPU
		{C9A6D9B0-E232-4D43-AAB9-C3E93103A946}.Debug|Any CPU.ActiveCfg = Debug|Any CPU
		{C9A6D9B0-E232-4D43-AAB9-C3E93103A946}.Debug|Any CPU.Build.0 = Debug|Any CPU
		{C9A6D9B0-E232-4D43-AAB9-C3E93103A946}.Release|Any CPU.ActiveCfg = Release|Any CPU
		{C9A6D9B0-E232-4D43-AAB9-C3E93103A946}.Release|Any CPU.Build.0 = Release|Any CPU
		{00140906-45E2-4D3F-9854-876E7EEA9ADD}.Debug|Any CPU.ActiveCfg = Debug|Any CPU
		{00140906-45E2-4D3F-9854-876E7EEA9ADD}.Debug|Any CPU.Build.0 = Debug|Any CPU
		{00140906-45E2-4D3F-9854-876E7EEA9ADD}.Release|Any CPU.ActiveCfg = Release|Any CPU
		{00140906-45E2-4D3F-9854-876E7EEA9ADD}.Release|Any CPU.Build.0 = Release|Any CPU
		{88F94A54-426A-4929-B9A2-58E73675112E}.Debug|Any CPU.ActiveCfg = Debug|Any CPU
		{88F94A54-426A-4929-B9A2-58E73675112E}.Debug|Any CPU.Build.0 = Debug|Any CPU
		{88F94A54-426A-4929-B9A2-58E73675112E}.Release|Any CPU.ActiveCfg = Release|Any CPU
		{88F94A54-426A-4929-B9A2-58E73675112E}.Release|Any CPU.Build.0 = Release|Any CPU
		{58C920F7-3707-401A-92A4-02D5CBF05178}.Debug|Any CPU.ActiveCfg = Debug|Any CPU
		{58C920F7-3707-401A-92A4-02D5CBF05178}.Debug|Any CPU.Build.0 = Debug|Any CPU
		{58C920F7-3707-401A-92A4-02D5CBF05178}.Release|Any CPU.ActiveCfg = Release|Any CPU
		{58C920F7-3707-401A-92A4-02D5CBF05178}.Release|Any CPU.Build.0 = Release|Any CPU
		{39E084FB-3176-4A51-8CFF-FC2D14DC1B10}.Debug|Any CPU.ActiveCfg = Debug|Any CPU
		{39E084FB-3176-4A51-8CFF-FC2D14DC1B10}.Debug|Any CPU.Build.0 = Debug|Any CPU
		{39E084FB-3176-4A51-8CFF-FC2D14DC1B10}.Release|Any CPU.ActiveCfg = Release|Any CPU
		{39E084FB-3176-4A51-8CFF-FC2D14DC1B10}.Release|Any CPU.Build.0 = Release|Any CPU
		{CB95733C-C71F-4AA0-974C-361991C314D7}.Debug|Any CPU.ActiveCfg = Debug|Any CPU
		{CB95733C-C71F-4AA0-974C-361991C314D7}.Debug|Any CPU.Build.0 = Debug|Any CPU
		{CB95733C-C71F-4AA0-974C-361991C314D7}.Release|Any CPU.ActiveCfg = Release|Any CPU
		{CB95733C-C71F-4AA0-974C-361991C314D7}.Release|Any CPU.Build.0 = Release|Any CPU
		{EA92A1CA-E5AC-462F-AE52-421A5C04269E}.Debug|Any CPU.ActiveCfg = Debug|Any CPU
		{EA92A1CA-E5AC-462F-AE52-421A5C04269E}.Debug|Any CPU.Build.0 = Debug|Any CPU
		{EA92A1CA-E5AC-462F-AE52-421A5C04269E}.Release|Any CPU.ActiveCfg = Release|Any CPU
		{EA92A1CA-E5AC-462F-AE52-421A5C04269E}.Release|Any CPU.Build.0 = Release|Any CPU
		{302D4A2C-B74A-4E23-BAE7-DD8227D624B3}.Debug|Any CPU.ActiveCfg = Debug|Any CPU
		{302D4A2C-B74A-4E23-BAE7-DD8227D624B3}.Debug|Any CPU.Build.0 = Debug|Any CPU
		{302D4A2C-B74A-4E23-BAE7-DD8227D624B3}.Release|Any CPU.ActiveCfg = Release|Any CPU
		{302D4A2C-B74A-4E23-BAE7-DD8227D624B3}.Release|Any CPU.Build.0 = Release|Any CPU
		{0A6134D6-8786-4661-A647-BB6608794C12}.Debug|Any CPU.ActiveCfg = Debug|Any CPU
		{0A6134D6-8786-4661-A647-BB6608794C12}.Debug|Any CPU.Build.0 = Debug|Any CPU
		{0A6134D6-8786-4661-A647-BB6608794C12}.Release|Any CPU.ActiveCfg = Release|Any CPU
		{0A6134D6-8786-4661-A647-BB6608794C12}.Release|Any CPU.Build.0 = Release|Any CPU
	EndGlobalSection
	GlobalSection(SolutionProperties) = preSolution
		HideSolutionNode = FALSE
	EndGlobalSection
	GlobalSection(ExtensibilityGlobals) = postSolution
		SolutionGuid = {7706FFE1-4B12-48AA-9216-A13FA36DC09C}
	EndGlobalSection
EndGlobal
